<?xml version="1.0" encoding="utf-8"?>
<Project ToolsVersion="4.0" xmlns="http://schemas.microsoft.com/developer/msbuild/2003">
  <ItemGroup>
    <ClCompile Include="src\RevilMax.cpp">
      <Filter>Source</Filter>
    </ClCompile>
    <ClCompile Include="src\DllEntry.cpp">
      <Filter>Source</Filter>
    </ClCompile>
    <ClCompile Include="src\REEngineImport.cpp">
      <Filter>Source</Filter>
    </ClCompile>
  </ItemGroup>
  <ItemGroup>
    <ClInclude Include="src\RevilMax.h">
      <Filter>Headers</Filter>
    </ClInclude>
    <ClInclude Include="src\resource.h">
      <Filter>Headers</Filter>
    </ClInclude>
  </ItemGroup>
  <ItemGroup>
    <Filter Include="Resources">
      <UniqueIdentifier>{2443e7b3-0062-4bc5-acfe-940c23fe9666}</UniqueIdentifier>
    </Filter>
    <Filter Include="Source">
      <UniqueIdentifier>{9483eafb-ce6a-45a9-9e57-567c01185408}</UniqueIdentifier>
    </Filter>
    <Filter Include="Headers">
      <UniqueIdentifier>{6b403705-a9cb-4405-bc20-07069a254a10}</UniqueIdentifier>
    </Filter>
  </ItemGroup>
  <ItemGroup>
    <None Include="src\RevilMax.def" />
  </ItemGroup>
  <ItemGroup>
    <ResourceCompile Include="src\RevilMax.rc">
      <Filter>Resources</Filter>
    </ResourceCompile>
    <ResourceCompile Include="3rd_party\RevilLib\3rd_party\PreCore\MAXex\win\About.rc">
      <Filter>Resources</Filter>
    </ResourceCompile>
  </ItemGroup>
</Project>